
Microsoft Visual Studio Solution File, Format Version 12.00
# Visual Studio Version 16
VisualStudioVersion = 16.0.809.2
MinimumVisualStudioVersion = 10.0.40219.1
Project("{FAE04EC0-301F-11D3-BF4B-00C04F79EFBC}") = "BlackboxFest", "BlackboxFest.csproj", "{1F58D3FA-BAEB-4C30-9DED-5DDD0193AE78}"
EndProject
Global
	GlobalSection(SolutionConfigurationPlatforms) = preSolution
		Debug|Any CPU = Debug|Any CPU
		Release|Any CPU = Release|Any CPU
	EndGlobalSection
	GlobalSection(ProjectConfigurationPlatforms) = postSolution
		{1F58D3FA-BAEB-4C30-9DED-5DDD0193AE78}.Debug|Any CPU.ActiveCfg = Debug|Any CPU
		{1F58D3FA-BAEB-4C30-9DED-5DDD0193AE78}.Debug|Any CPU.Build.0 = Debug|Any CPU
		{1F58D3FA-BAEB-4C30-9DED-5DDD0193AE78}.Release|Any CPU.ActiveCfg = Release|Any CPU
		{1F58D3FA-BAEB-4C30-9DED-5DDD0193AE78}.Release|Any CPU.Build.0 = Release|Any CPU
	EndGlobalSection
	GlobalSection(SolutionProperties) = preSolution
		HideSolutionNode = FALSE
	EndGlobalSection
	GlobalSection(ExtensibilityGlobals) = postSolution
		SolutionGuid = {7239584C-D1C1-4FD9-B37C-894506534FF1}
	EndGlobalSection
EndGlobal
